
Microsoft Visual Studio Solution File, Format Version 12.00
# Visual Studio Version 16
VisualStudioVersion = 16.0.31313.79
MinimumVisualStudioVersion = 10.0.40219.1
Project("{FAE04EC0-301F-11D3-BF4B-00C04F79EFBC}") = "QuadraticEquation", "..\Labos2\KvadratnaJednadzba\KvadratnaJednadzba\QuadraticEquation.csproj", "{C0AAFADB-EEA7-4DED-8CA0-EC2B0DCAC8E5}"
EndProject
Project("{FAE04EC0-301F-11D3-BF4B-00C04F79EFBC}") = "GUI", "GUI\GUI.csproj", "{AB1C114C-53D6-48E9-A84C-42EB6E736321}"
EndProject
Global
	GlobalSection(SolutionConfigurationPlatforms) = preSolution
		Debug|Any CPU = Debug|Any CPU
		Release|Any CPU = Release|Any CPU
	EndGlobalSection
	GlobalSection(ProjectConfigurationPlatforms) = postSolution
		{C0AAFADB-EEA7-4DED-8CA0-EC2B0DCAC8E5}.Debug|Any CPU.ActiveCfg = Debug|Any CPU
		{C0AAFADB-EEA7-4DED-8CA0-EC2B0DCAC8E5}.Debug|Any CPU.Build.0 = Debug|Any CPU
		{C0AAFADB-EEA7-4DED-8CA0-EC2B0DCAC8E5}.Release|Any CPU.ActiveCfg = Release|Any CPU
		{C0AAFADB-EEA7-4DED-8CA0-EC2B0DCAC8E5}.Release|Any CPU.Build.0 = Release|Any CPU
		{AB1C114C-53D6-48E9-A84C-42EB6E736321}.Debug|Any CPU.ActiveCfg = Debug|Any CPU
		{AB1C114C-53D6-48E9-A84C-42EB6E736321}.Debug|Any CPU.Build.0 = Debug|Any CPU
		{AB1C114C-53D6-48E9-A84C-42EB6E736321}.Release|Any CPU.ActiveCfg = Release|Any CPU
		{AB1C114C-53D6-48E9-A84C-42EB6E736321}.Release|Any CPU.Build.0 = Release|Any CPU
	EndGlobalSection
	GlobalSection(SolutionProperties) = preSolution
		HideSolutionNode = FALSE
	EndGlobalSection
	GlobalSection(ExtensibilityGlobals) = postSolution
		SolutionGuid = {616A6F2E-4C73-4A75-9777-BA3D143DCB38}
	EndGlobalSection
EndGlobal
